<?xml version="1.0" encoding="utf-8"?>
<Project ToolsVersion="16.0" xmlns="http://schemas.microsoft.com/developer/msbuild/2003">
  <ItemGroup>
    <ClCompile Include="C:\Users\pasuh\source\repos\mp2-lab2-matrix\samples\sample_matrix.cpp">
      <Filter>Source Files</Filter>
    </ClCompile>
  </ItemGroup>
  <ItemGroup>
    <CustomBuild Include="C:\Users\pasuh\source\repos\mp2-lab2-matrix\samples\CMakeLists.txt" />
  </ItemGroup>
  <ItemGroup>
    <Filter Include="Source Files">
      <UniqueIdentifier>{A97B3261-FD2A-39F7-AF84-B52E9B1BD405}</UniqueIdentifier>
    </Filter>
  </ItemGroup>
</Project>
