Microsoft Visual Studio Solution File, Format Version 12.00
# Visual Studio 16
Project("{8BC9CEB8-8B4A-11D0-8D11-00A0C91BC942}") = "ALL_BUILD", "ALL_BUILD.vcxproj", "{1F279F9A-F7DC-3D84-AE5F-5CFB5C9BF063}"
	ProjectSection(ProjectDependencies) = postProject
		{6BDFC748-D9D4-32D1-8D3B-1BAFD8D33CB7} = {6BDFC748-D9D4-32D1-8D3B-1BAFD8D33CB7}
		{3EE3C9D3-E798-307C-BFD7-93EF707B2736} = {3EE3C9D3-E798-307C-BFD7-93EF707B2736}
		{C32F4961-A2DA-39F9-8459-ABA20C86F226} = {C32F4961-A2DA-39F9-8459-ABA20C86F226}
		{B2555539-70E6-3BFA-8C03-EF0790E9973B} = {B2555539-70E6-3BFA-8C03-EF0790E9973B}
	EndProjectSection
EndProject
Project("{8BC9CEB8-8B4A-11D0-8D11-00A0C91BC942}") = "ZERO_CHECK", "ZERO_CHECK.vcxproj", "{6BDFC748-D9D4-32D1-8D3B-1BAFD8D33CB7}"
	ProjectSection(ProjectDependencies) = postProject
	EndProjectSection
EndProject
Project("{8BC9CEB8-8B4A-11D0-8D11-00A0C91BC942}") = "gtest", "gtest\gtest.vcxproj", "{3EE3C9D3-E798-307C-BFD7-93EF707B2736}"
	ProjectSection(ProjectDependencies) = postProject
		{6BDFC748-D9D4-32D1-8D3B-1BAFD8D33CB7} = {6BDFC748-D9D4-32D1-8D3B-1BAFD8D33CB7}
	EndProjectSection
EndProject
Project("{8BC9CEB8-8B4A-11D0-8D11-00A0C91BC942}") = "matrix", "include\matrix.vcxproj", "{CB1A5910-DF9B-3600-99AC-3A9ACE4E3A12}"
	ProjectSection(ProjectDependencies) = postProject
		{6BDFC748-D9D4-32D1-8D3B-1BAFD8D33CB7} = {6BDFC748-D9D4-32D1-8D3B-1BAFD8D33CB7}
	EndProjectSection
EndProject
Project("{8BC9CEB8-8B4A-11D0-8D11-00A0C91BC942}") = "sample_matrix", "samples\sample_matrix.vcxproj", "{C32F4961-A2DA-39F9-8459-ABA20C86F226}"
	ProjectSection(ProjectDependencies) = postProject
		{6BDFC748-D9D4-32D1-8D3B-1BAFD8D33CB7} = {6BDFC748-D9D4-32D1-8D3B-1BAFD8D33CB7}
	EndProjectSection
EndProject
Project("{8BC9CEB8-8B4A-11D0-8D11-00A0C91BC942}") = "test_matrix", "test\test_matrix.vcxproj", "{B2555539-70E6-3BFA-8C03-EF0790E9973B}"
	ProjectSection(ProjectDependencies) = postProject
		{6BDFC748-D9D4-32D1-8D3B-1BAFD8D33CB7} = {6BDFC748-D9D4-32D1-8D3B-1BAFD8D33CB7}
		{3EE3C9D3-E798-307C-BFD7-93EF707B2736} = {3EE3C9D3-E798-307C-BFD7-93EF707B2736}
	EndProjectSection
EndProject
Global
	GlobalSection(SolutionConfigurationPlatforms) = preSolution
		Debug|x64 = Debug|x64
		Release|x64 = Release|x64
	EndGlobalSection
	GlobalSection(ProjectConfigurationPlatforms) = postSolution
		{1F279F9A-F7DC-3D84-AE5F-5CFB5C9BF063}.Debug|x64.ActiveCfg = Debug|x64
		{1F279F9A-F7DC-3D84-AE5F-5CFB5C9BF063}.Release|x64.ActiveCfg = Release|x64
		{6BDFC748-D9D4-32D1-8D3B-1BAFD8D33CB7}.Debug|x64.ActiveCfg = Debug|x64
		{6BDFC748-D9D4-32D1-8D3B-1BAFD8D33CB7}.Debug|x64.Build.0 = Debug|x64
		{6BDFC748-D9D4-32D1-8D3B-1BAFD8D33CB7}.Release|x64.ActiveCfg = Release|x64
		{6BDFC748-D9D4-32D1-8D3B-1BAFD8D33CB7}.Release|x64.Build.0 = Release|x64
		{3EE3C9D3-E798-307C-BFD7-93EF707B2736}.Debug|x64.ActiveCfg = Debug|x64
		{3EE3C9D3-E798-307C-BFD7-93EF707B2736}.Debug|x64.Build.0 = Debug|x64
		{3EE3C9D3-E798-307C-BFD7-93EF707B2736}.Release|x64.ActiveCfg = Release|x64
		{3EE3C9D3-E798-307C-BFD7-93EF707B2736}.Release|x64.Build.0 = Release|x64
		{CB1A5910-DF9B-3600-99AC-3A9ACE4E3A12}.Debug|x64.ActiveCfg = Debug|x64
		{CB1A5910-DF9B-3600-99AC-3A9ACE4E3A12}.Release|x64.ActiveCfg = Release|x64
		{C32F4961-A2DA-39F9-8459-ABA20C86F226}.Debug|x64.ActiveCfg = Debug|x64
		{C32F4961-A2DA-39F9-8459-ABA20C86F226}.Debug|x64.Build.0 = Debug|x64
		{C32F4961-A2DA-39F9-8459-ABA20C86F226}.Release|x64.ActiveCfg = Release|x64
		{C32F4961-A2DA-39F9-8459-ABA20C86F226}.Release|x64.Build.0 = Release|x64
		{B2555539-70E6-3BFA-8C03-EF0790E9973B}.Debug|x64.ActiveCfg = Debug|x64
		{B2555539-70E6-3BFA-8C03-EF0790E9973B}.Debug|x64.Build.0 = Debug|x64
		{B2555539-70E6-3BFA-8C03-EF0790E9973B}.Release|x64.ActiveCfg = Release|x64
		{B2555539-70E6-3BFA-8C03-EF0790E9973B}.Release|x64.Build.0 = Release|x64
	EndGlobalSection
	GlobalSection(ExtensibilityGlobals) = postSolution
		SolutionGuid = {D6A9F890-CCCA-371C-B405-533C06752898}
	EndGlobalSection
	GlobalSection(ExtensibilityAddIns) = postSolution
	EndGlobalSection
EndGlobal
